
Microsoft Visual Studio Solution File, Format Version 12.00
# Visual Studio Version 17
VisualStudioVersion = 17.11.35208.52
MinimumVisualStudioVersion = 10.0.40219.1
Project("{FAE04EC0-301F-11D3-BF4B-00C04F79EFBC}") = "IsaacPuga-ProyectoMCV", "IsaacPuga-ProyectoMCV\IsaacPuga-ProyectoMCV.csproj", "{36B9FCEF-0C59-45E7-8064-7A490F476171}"
EndProject
Global
	GlobalSection(SolutionConfigurationPlatforms) = preSolution
		Debug|Any CPU = Debug|Any CPU
		Release|Any CPU = Release|Any CPU
	EndGlobalSection
	GlobalSection(ProjectConfigurationPlatforms) = postSolution
		{36B9FCEF-0C59-45E7-8064-7A490F476171}.Debug|Any CPU.ActiveCfg = Debug|Any CPU
		{36B9FCEF-0C59-45E7-8064-7A490F476171}.Debug|Any CPU.Build.0 = Debug|Any CPU
		{36B9FCEF-0C59-45E7-8064-7A490F476171}.Release|Any CPU.ActiveCfg = Release|Any CPU
		{36B9FCEF-0C59-45E7-8064-7A490F476171}.Release|Any CPU.Build.0 = Release|Any CPU
	EndGlobalSection
	GlobalSection(SolutionProperties) = preSolution
		HideSolutionNode = FALSE
	EndGlobalSection
	GlobalSection(ExtensibilityGlobals) = postSolution
		SolutionGuid = {1A0CC028-595E-4195-A269-6768B642E714}
	EndGlobalSection
EndGlobal
